
Microsoft Visual Studio Solution File, Format Version 12.00
# Visual Studio Version 17
VisualStudioVersion = 17.4.33403.182
MinimumVisualStudioVersion = 10.0.40219.1
Project("{9A19103F-16F7-4668-BE54-9A1E7A4F7556}") = "Nikko.SistGestionPedido.Logic", "Nikko.SistGestionPedido.Logic\Nikko.SistGestionPedido.Logic.csproj", "{2F11D7F2-12AC-4604-AF39-CDF62A1EC538}"
EndProject
Project("{2150E333-8FDC-42A3-9474-1A3956D46DE8}") = "0-UI", "0-UI", "{35E80085-3C50-459B-A67F-5A077CBF0879}"
EndProject
Project("{2150E333-8FDC-42A3-9474-1A3956D46DE8}") = "1-Data Acces Layer", "1-Data Acces Layer", "{087D7686-3D3E-4980-AF6B-134B49515133}"
EndProject
Project("{2150E333-8FDC-42A3-9474-1A3956D46DE8}") = "2-Models", "2-Models", "{E8A5B75E-F0A8-4F8D-93CF-C11E5D42CAAD}"
EndProject
Project("{2150E333-8FDC-42A3-9474-1A3956D46DE8}") = "3-Business", "3-Business", "{B4E1B9BB-966F-495E-BA63-6DCB0AFE747D}"
EndProject
Project("{9A19103F-16F7-4668-BE54-9A1E7A4F7556}") = "Nikko.SistGestionPedido.Models", "Nikko.SistGestionPedido.Models\Nikko.SistGestionPedido.Models.csproj", "{9163496E-7FED-48AB-88FA-4E1073CD3573}"
EndProject
Project("{9A19103F-16F7-4668-BE54-9A1E7A4F7556}") = "Nikko.SistGestionPedido.DAL", "Nikko.SistGestionPedido.DAL\Nikko.SistGestionPedido.DAL.csproj", "{6727DD22-C991-4730-8553-3377D68FD02B}"
EndProject
Project("{9A19103F-16F7-4668-BE54-9A1E7A4F7556}") = "Nikko.SistGestionPedido.UI", "Nikko.SistGestionPedido.UI\Nikko.SistGestionPedido.UI.csproj", "{A7755C3A-9DD7-4B73-94C5-D204B3DA1FCF}"
EndProject
Project("{2150E333-8FDC-42A3-9474-1A3956D46DE8}") = "4-Test", "4-Test", "{FC536677-2B42-4B28-8D5F-ADCE26303078}"
EndProject
Project("{FAE04EC0-301F-11D3-BF4B-00C04F79EFBC}") = "Nikko.SistGestionPedido.Unit.Test", "Nikko.SistGestionPedido.Unit.Test\Nikko.SistGestionPedido.Unit.Test.csproj", "{ADECE063-8656-4572-AC15-FDC7C31EE586}"
EndProject
Global
	GlobalSection(SolutionConfigurationPlatforms) = preSolution
		Debug|Any CPU = Debug|Any CPU
		Release|Any CPU = Release|Any CPU
	EndGlobalSection
	GlobalSection(ProjectConfigurationPlatforms) = postSolution
		{2F11D7F2-12AC-4604-AF39-CDF62A1EC538}.Debug|Any CPU.ActiveCfg = Debug|Any CPU
		{2F11D7F2-12AC-4604-AF39-CDF62A1EC538}.Debug|Any CPU.Build.0 = Debug|Any CPU
		{2F11D7F2-12AC-4604-AF39-CDF62A1EC538}.Release|Any CPU.ActiveCfg = Release|Any CPU
		{2F11D7F2-12AC-4604-AF39-CDF62A1EC538}.Release|Any CPU.Build.0 = Release|Any CPU
		{9163496E-7FED-48AB-88FA-4E1073CD3573}.Debug|Any CPU.ActiveCfg = Debug|Any CPU
		{9163496E-7FED-48AB-88FA-4E1073CD3573}.Debug|Any CPU.Build.0 = Debug|Any CPU
		{9163496E-7FED-48AB-88FA-4E1073CD3573}.Release|Any CPU.ActiveCfg = Release|Any CPU
		{9163496E-7FED-48AB-88FA-4E1073CD3573}.Release|Any CPU.Build.0 = Release|Any CPU
		{6727DD22-C991-4730-8553-3377D68FD02B}.Debug|Any CPU.ActiveCfg = Debug|Any CPU
		{6727DD22-C991-4730-8553-3377D68FD02B}.Debug|Any CPU.Build.0 = Debug|Any CPU
		{6727DD22-C991-4730-8553-3377D68FD02B}.Release|Any CPU.ActiveCfg = Release|Any CPU
		{6727DD22-C991-4730-8553-3377D68FD02B}.Release|Any CPU.Build.0 = Release|Any CPU
		{A7755C3A-9DD7-4B73-94C5-D204B3DA1FCF}.Debug|Any CPU.ActiveCfg = Debug|Any CPU
		{A7755C3A-9DD7-4B73-94C5-D204B3DA1FCF}.Debug|Any CPU.Build.0 = Debug|Any CPU
		{A7755C3A-9DD7-4B73-94C5-D204B3DA1FCF}.Release|Any CPU.ActiveCfg = Release|Any CPU
		{A7755C3A-9DD7-4B73-94C5-D204B3DA1FCF}.Release|Any CPU.Build.0 = Release|Any CPU
		{ADECE063-8656-4572-AC15-FDC7C31EE586}.Debug|Any CPU.ActiveCfg = Debug|Any CPU
		{ADECE063-8656-4572-AC15-FDC7C31EE586}.Debug|Any CPU.Build.0 = Debug|Any CPU
		{ADECE063-8656-4572-AC15-FDC7C31EE586}.Release|Any CPU.ActiveCfg = Release|Any CPU
		{ADECE063-8656-4572-AC15-FDC7C31EE586}.Release|Any CPU.Build.0 = Release|Any CPU
	EndGlobalSection
	GlobalSection(SolutionProperties) = preSolution
		HideSolutionNode = FALSE
	EndGlobalSection
	GlobalSection(NestedProjects) = preSolution
		{2F11D7F2-12AC-4604-AF39-CDF62A1EC538} = {B4E1B9BB-966F-495E-BA63-6DCB0AFE747D}
		{9163496E-7FED-48AB-88FA-4E1073CD3573} = {E8A5B75E-F0A8-4F8D-93CF-C11E5D42CAAD}
		{6727DD22-C991-4730-8553-3377D68FD02B} = {087D7686-3D3E-4980-AF6B-134B49515133}
		{A7755C3A-9DD7-4B73-94C5-D204B3DA1FCF} = {35E80085-3C50-459B-A67F-5A077CBF0879}
		{ADECE063-8656-4572-AC15-FDC7C31EE586} = {FC536677-2B42-4B28-8D5F-ADCE26303078}
	EndGlobalSection
	GlobalSection(ExtensibilityGlobals) = postSolution
		SolutionGuid = {BBE954A1-F67B-4345-9B2B-2E2CD79EA034}
	EndGlobalSection
EndGlobal
